// !$*UTF8*$!
{
	archiveVersion = 1;
	classes = {
	};
	objectVersion = 48;
	objects = {

/* Begin PBXBuildFile section */
		435A49CE2001AF8400F0EBC5 /* AppDelegate.swift in Sources */ = {isa = PBXBuildFile; fileRef = 435A49CD2001AF8400F0EBC5 /* AppDelegate.swift */; };
		435A49D02001AF8400F0EBC5 /* CategoriesVC.swift in Sources */ = {isa = PBXBuildFile; fileRef = 435A49CF2001AF8400F0EBC5 /* CategoriesVC.swift */; };
		435A49D32001AF8500F0EBC5 /* Main.storyboard in Resources */ = {isa = PBXBuildFile; fileRef = 435A49D12001AF8400F0EBC5 /* Main.storyboard */; };
		435A49D52001AF8500F0EBC5 /* Assets.xcassets in Resources */ = {isa = PBXBuildFile; fileRef = 435A49D42001AF8500F0EBC5 /* Assets.xcassets */; };
		435A49D82001AF8500F0EBC5 /* LaunchScreen.storyboard in Resources */ = {isa = PBXBuildFile; fileRef = 435A49D62001AF8500F0EBC5 /* LaunchScreen.storyboard */; };
		43E0A0DA2002777F00ADFD9C /* Category.swift in Sources */ = {isa = PBXBuildFile; fileRef = 43E0A0D92002777F00ADFD9C /* Category.swift */; };
		43E0A0DC2002781E00ADFD9C /* CategoryCell.swift in Sources */ = {isa = PBXBuildFile; fileRef = 43E0A0DB2002781E00ADFD9C /* CategoryCell.swift */; };
		43E0A0DF2002795600ADFD9C /* DataService.swift in Sources */ = {isa = PBXBuildFile; fileRef = 43E0A0DE2002795600ADFD9C /* DataService.swift */; };
		43E0A0E2200285CC00ADFD9C /* ProductsVC.swift in Sources */ = {isa = PBXBuildFile; fileRef = 43E0A0E1200285CC00ADFD9C /* ProductsVC.swift */; };
		43E0A0E4200286A700ADFD9C /* Product.swift in Sources */ = {isa = PBXBuildFile; fileRef = 43E0A0E3200286A700ADFD9C /* Product.swift */; };
		43E0A0E62002875500ADFD9C /* ProductCell.swift in Sources */ = {isa = PBXBuildFile; fileRef = 43E0A0E52002875500ADFD9C /* ProductCell.swift */; };
/* End PBXBuildFile section */

/* Begin PBXFileReference section */
		435A49CA2001AF8400F0EBC5 /* coder-swag-no-help2.app */ = {isa = PBXFileReference; explicitFileType = wrapper.application; includeInIndex = 0; path = "coder-swag-no-help2.app"; sourceTree = BUILT_PRODUCTS_DIR; };
		435A49CD2001AF8400F0EBC5 /* AppDelegate.swift */ = {isa = PBXFileReference; lastKnownFileType = sourcecode.swift; path = AppDelegate.swift; sourceTree = "<group>"; };
		435A49CF2001AF8400F0EBC5 /* CategoriesVC.swift */ = {isa = PBXFileReference; lastKnownFileType = sourcecode.swift; path = CategoriesVC.swift; sourceTree = "<group>"; };
		435A49D22001AF8400F0EBC5 /* Base */ = {isa = PBXFileReference; lastKnownFileType = file.storyboard; name = Base; path = Base.lproj/Main.storyboard; sourceTree = "<group>"; };
		435A49D42001AF8500F0EBC5 /* Assets.xcassets */ = {isa = PBXFileReference; lastKnownFileType = folder.assetcatalog; path = Assets.xcassets; sourceTree = "<group>"; };
		435A49D72001AF8500F0EBC5 /* Base */ = {isa = PBXFileReference; lastKnownFileType = file.storyboard; name = Base; path = Base.lproj/LaunchScreen.storyboard; sourceTree = "<group>"; };
		435A49D92001AF8500F0EBC5 /* Info.plist */ = {isa = PBXFileReference; lastKnownFileType = text.plist.xml; path = Info.plist; sourceTree = "<group>"; };
		43E0A0D92002777F00ADFD9C /* Category.swift */ = {isa = PBXFileReference; lastKnownFileType = sourcecode.swift; path = Category.swift; sourceTree = "<group>"; };
		43E0A0DB2002781E00ADFD9C /* CategoryCell.swift */ = {isa = PBXFileReference; lastKnownFileType = sourcecode.swift; path = CategoryCell.swift; sourceTree = "<group>"; };
		43E0A0DE2002795600ADFD9C /* DataService.swift */ = {isa = PBXFileReference; lastKnownFileType = sourcecode.swift; path = DataService.swift; sourceTree = "<group>"; };
		43E0A0E1200285CC00ADFD9C /* ProductsVC.swift */ = {isa = PBXFileReference; lastKnownFileType = sourcecode.swift; path = ProductsVC.swift; sourceTree = "<group>"; };
		43E0A0E3200286A700ADFD9C /* Product.swift */ = {isa = PBXFileReference; lastKnownFileType = sourcecode.swift; path = Product.swift; sourceTree = "<group>"; };
		43E0A0E52002875500ADFD9C /* ProductCell.swift */ = {isa = PBXFileReference; lastKnownFileType = sourcecode.swift; path = ProductCell.swift; sourceTree = "<group>"; };
/* End PBXFileReference section */

/* Begin PBXFrameworksBuildPhase section */
		435A49C72001AF8400F0EBC5 /* Frameworks */ = {
			isa = PBXFrameworksBuildPhase;
			buildActionMask = 2147483647;
			files = (
			);
			runOnlyForDeploymentPostprocessing = 0;
		};
/* End PBXFrameworksBuildPhase section */

/* Begin PBXGroup section */
		435A49C12001AF8400F0EBC5 = {
			isa = PBXGroup;
			children = (
				435A49CC2001AF8400F0EBC5 /* coder-swag-no-help2 */,
				435A49CB2001AF8400F0EBC5 /* Products */,
			);
			sourceTree = "<group>";
		};
		435A49CB2001AF8400F0EBC5 /* Products */ = {
			isa = PBXGroup;
			children = (
				435A49CA2001AF8400F0EBC5 /* coder-swag-no-help2.app */,
			);
			name = Products;
			sourceTree = "<group>";
		};
		435A49CC2001AF8400F0EBC5 /* coder-swag-no-help2 */ = {
			isa = PBXGroup;
			children = (
				43E0A0DD2002794200ADFD9C /* Services */,
				43E0A0D82002774400ADFD9C /* Model */,
				43E0A0D72002773D00ADFD9C /* View */,
				43E0A0D62002773300ADFD9C /* Controller */,
				435A49CD2001AF8400F0EBC5 /* AppDelegate.swift */,
				435A49D12001AF8400F0EBC5 /* Main.storyboard */,
				435A49D42001AF8500F0EBC5 /* Assets.xcassets */,
				435A49D62001AF8500F0EBC5 /* LaunchScreen.storyboard */,
				435A49D92001AF8500F0EBC5 /* Info.plist */,
			);
			path = "coder-swag-no-help2";
			sourceTree = "<group>";
		};
		43E0A0D62002773300ADFD9C /* Controller */ = {
			isa = PBXGroup;
			children = (
				435A49CF2001AF8400F0EBC5 /* CategoriesVC.swift */,
				43E0A0E1200285CC00ADFD9C /* ProductsVC.swift */,
			);
			path = Controller;
			sourceTree = "<group>";
		};
		43E0A0D72002773D00ADFD9C /* View */ = {
			isa = PBXGroup;
			children = (
				43E0A0DB2002781E00ADFD9C /* CategoryCell.swift */,
				43E0A0E52002875500ADFD9C /* ProductCell.swift */,
			);
			path = View;
			sourceTree = "<group>";
		};
		43E0A0D82002774400ADFD9C /* Model */ = {
			isa = PBXGroup;
			children = (
				43E0A0D92002777F00ADFD9C /* Category.swift */,
				43E0A0E3200286A700ADFD9C /* Product.swift */,
			);
			path = Model;
			sourceTree = "<group>";
		};
		43E0A0DD2002794200ADFD9C /* Services */ = {
			isa = PBXGroup;
			children = (
				43E0A0DE2002795600ADFD9C /* DataService.swift */,
			);
			path = Services;
			sourceTree = "<group>";
		};
/* End PBXGroup section */

/* Begin PBXNativeTarget section */
		435A49C92001AF8400F0EBC5 /* coder-swag-no-help2 */ = {
			isa = PBXNativeTarget;
			buildConfigurationList = 435A49DC2001AF8500F0EBC5 /* Build configuration list for PBXNativeTarget "coder-swag-no-help2" */;
			buildPhases = (
				435A49C62001AF8400F0EBC5 /* Sources */,
				435A49C72001AF8400F0EBC5 /* Frameworks */,
				435A49C82001AF8400F0EBC5 /* Resources */,
			);
			buildRules = (
			);
			dependencies = (
			);
			name = "coder-swag-no-help2";
			productName = "coder-swag-no-help2";
			productReference = 435A49CA2001AF8400F0EBC5 /* coder-swag-no-help2.app */;
			productType = "com.apple.product-type.application";
		};
/* End PBXNativeTarget section */

/* Begin PBXProject section */
		435A49C22001AF8400F0EBC5 /* Project object */ = {
			isa = PBXProject;
			attributes = {
				LastSwiftUpdateCheck = 0920;
				LastUpgradeCheck = 0920;
				ORGANIZATIONNAME = "Appybuildmore Apps";
				TargetAttributes = {
					435A49C92001AF8400F0EBC5 = {
						CreatedOnToolsVersion = 9.2;
						ProvisioningStyle = Automatic;
					};
				};
			};
			buildConfigurationList = 435A49C52001AF8400F0EBC5 /* Build configuration list for PBXProject "coder-swag-no-help2" */;
			compatibilityVersion = "Xcode 8.0";
			developmentRegion = en;
			hasScannedForEncodings = 0;
			knownRegions = (
				en,
				Base,
			);
			mainGroup = 435A49C12001AF8400F0EBC5;
			productRefGroup = 435A49CB2001AF8400F0EBC5 /* Products */;
			projectDirPath = "";
			projectRoot = "";
			targets = (
				435A49C92001AF8400F0EBC5 /* coder-swag-no-help2 */,
			);
		};
/* End PBXProject section */

/* Begin PBXResourcesBuildPhase section */
		435A49C82001AF8400F0EBC5 /* Resources */ = {
			isa = PBXResourcesBuildPhase;
			buildActionMask = 2147483647;
			files = (
				435A49D82001AF8500F0EBC5 /* LaunchScreen.storyboard in Resources */,
				435A49D52001AF8500F0EBC5 /* Assets.xcassets in Resources */,
				435A49D32001AF8500F0EBC5 /* Main.storyboard in Resources */,
			);
			runOnlyForDeploymentPostprocessing = 0;
		};
/* End PBXResourcesBuildPhase section */

/* Begin PBXSourcesBuildPhase section */
		435A49C62001AF8400F0EBC5 /* Sources */ = {
			isa = PBXSourcesBuildPhase;
			buildActionMask = 2147483647;
			files = (
				435A49D02001AF8400F0EBC5 /* CategoriesVC.swift in Sources */,
				435A49CE2001AF8400F0EBC5 /* AppDelegate.swift in Sources */,
				43E0A0E2200285CC00ADFD9C /* ProductsVC.swift in Sources */,
				43E0A0DA2002777F00ADFD9C /* Category.swift in Sources */,
				43E0A0DC2002781E00ADFD9C /* CategoryCell.swift in Sources */,
				43E0A0E62002875500ADFD9C /* ProductCell.swift in Sources */,
				43E0A0DF2002795600ADFD9C /* DataService.swift in Sources */,
				43E0A0E4200286A700ADFD9C /* Product.swift in Sources */,
			);
			runOnlyForDeploymentPostprocessing = 0;
		};
/* End PBXSourcesBuildPhase section */

/* Begin PBXVariantGroup section */
		435A49D12001AF8400F0EBC5 /* Main.storyboard */ = {
			isa = PBXVariantGroup;
			children = (
				435A49D22001AF8400F0EBC5 /* Base */,
			);
			name = Main.storyboard;
			sourceTree = "<group>";
		};
		435A49D62001AF8500F0EBC5 /* LaunchScreen.storyboard */ = {
			isa = PBXVariantGroup;
			children = (
				435A49D72001AF8500F0EBC5 /* Base */,
			);
			name = LaunchScreen.storyboard;
			sourceTree = "<group>";
		};
/* End PBXVariantGroup section */

/* Begin XCBuildConfiguration section */
		435A49DA2001AF8500F0EBC5 /* Debug */ = {
			isa = XCBuildConfiguration;
			buildSettings = {
				ALWAYS_SEARCH_USER_PATHS = NO;
				CLANG_ANALYZER_NONNULL = YES;
				CLANG_ANALYZER_NUMBER_OBJECT_CONVERSION = YES_AGGRESSIVE;
				CLANG_CXX_LANGUAGE_STANDARD = "gnu++14";
				CLANG_CXX_LIBRARY = "libc++";
				CLANG_ENABLE_MODULES = YES;
				CLANG_ENABLE_OBJC_ARC = YES;
				CLANG_WARN_BLOCK_CAPTURE_AUTORELEASING = YES;
				CLANG_WARN_BOOL_CONVERSION = YES;
				CLANG_WARN_COMMA = YES;
				CLANG_WARN_CONSTANT_CONVERSION = YES;
				CLANG_WARN_DIRECT_OBJC_ISA_USAGE = YES_ERROR;
				CLANG_WARN_DOCUMENTATION_COMMENTS = YES;
				CLANG_WARN_EMPTY_BODY = YES;
				CLANG_WARN_ENUM_CONVERSION = YES;
				CLANG_WARN_INFINITE_RECURSION = YES;
				CLANG_WARN_INT_CONVERSION = YES;
				CLANG_WARN_NON_LITERAL_NULL_CONVERSION = YES;
				CLANG_WARN_OBJC_LITERAL_CONVERSION = YES;
				CLANG_WARN_OBJC_ROOT_CLASS = YES_ERROR;
				CLANG_WARN_RANGE_LOOP_ANALYSIS = YES;
				CLANG_WARN_STRICT_PROTOTYPES = YES;
				CLANG_WARN_SUSPICIOUS_MOVE = YES;
				CLANG_WARN_UNGUARDED_AVAILABILITY = YES_AGGRESSIVE;
				CLANG_WARN_UNREACHABLE_CODE = YES;
				CLANG_WARN__DUPLICATE_METHOD_MATCH = YES;
				CODE_SIGN_IDENTITY = "iPhone Developer";
				COPY_PHASE_STRIP = NO;
				DEBUG_INFORMATION_FORMAT = dwarf;
				ENABLE_STRICT_OBJC_MSGSEND = YES;
				ENABLE_TESTABILITY = YES;
				GCC_C_LANGUAGE_STANDARD = gnu11;
				GCC_DYNAMIC_NO_PIC = NO;
				GCC_NO_COMMON_BLOCKS = YES;
				GCC_OPTIMIZATION_LEVEL = 0;
				GCC_PREPROCESSOR_DEFINITIONS = (
					"DEBUG=1",
					"$(inherited)",
				);
				GCC_WARN_64_TO_32_BIT_CONVERSION = YES;
				GCC_WARN_ABOUT_RETURN_TYPE = YES_ERROR;
				GCC_WARN_UNDECLARED_SELECTOR = YES;
				GCC_WARN_UNINITIALIZED_AUTOS = YES_AGGRESSIVE;
				GCC_WARN_UNUSED_FUNCTION = YES;
				GCC_WARN_UNUSED_VARIABLE = YES;
				IPHONEOS_DEPLOYMENT_TARGET = 11.2;
				MTL_ENABLE_DEBUG_INFO = YES;
				ONLY_ACTIVE_ARCH = YES;
				SDKROOT = iphoneos;
				SWIFT_ACTIVE_COMPILATION_CONDITIONS = DEBUG;
				SWIFT_OPTIMIZATION_LEVEL = "-Onone";
			};
			name = Debug;
		};
		435A49DB2001AF8500F0EBC5 /* Release */ = {
			isa = XCBuildConfiguration;
			buildSettings = {
				ALWAYS_SEARCH_USER_PATHS = NO;
				CLANG_ANALYZER_NONNULL = YES;
				CLANG_ANALYZER_NUMBER_OBJECT_CONVERSION = YES_AGGRESSIVE;
				CLANG_CXX_LANGUAGE_STANDARD = "gnu++14";
				CLANG_CXX_LIBRARY = "libc++";
				CLANG_ENABLE_MODULES = YES;
				CLANG_ENABLE_OBJC_ARC = YES;
				CLANG_WARN_BLOCK_CAPTURE_AUTORELEASING = YES;
				CLANG_WARN_BOOL_CONVERSION = YES;
				CLANG_WARN_COMMA = YES;
				CLANG_WARN_CONSTANT_CONVERSION = YES;
				CLANG_WARN_DIRECT_OBJC_ISA_USAGE = YES_ERROR;
				CLANG_WARN_DOCUMENTATION_COMMENTS = YES;
				CLANG_WARN_EMPTY_BODY = YES;
				CLANG_WARN_ENUM_CONVERSION = YES;
				CLANG_WARN_INFINITE_RECURSION = YES;
				CLANG_WARN_INT_CONVERSION = YES;
				CLANG_WARN_NON_LITERAL_NULL_CONVERSION = YES;
				CLANG_WARN_OBJC_LITERAL_CONVERSION = YES;
				CLANG_WARN_OBJC_ROOT_CLASS = YES_ERROR;
				CLANG_WARN_RANGE_LOOP_ANALYSIS = YES;
				CLANG_WARN_STRICT_PROTOTYPES = YES;
				CLANG_WARN_SUSPICIOUS_MOVE = YES;
				CLANG_WARN_UNGUARDED_AVAILABILITY = YES_AGGRESSIVE;
				CLANG_WARN_UNREACHABLE_CODE = YES;
				CLANG_WARN__DUPLICATE_METHOD_MATCH = YES;
				CODE_SIGN_IDENTITY = "iPhone Developer";
				COPY_PHASE_STRIP = NO;
				DEBUG_INFORMATION_FORMAT = "dwarf-with-dsym";
				ENABLE_NS_ASSERTIONS = NO;
				ENABLE_STRICT_OBJC_MSGSEND = YES;
				GCC_C_LANGUAGE_STANDARD = gnu11;
				GCC_NO_COMMON_BLOCKS = YES;
				GCC_WARN_64_TO_32_BIT_CONVERSION = YES;
				GCC_WARN_ABOUT_RETURN_TYPE = YES_ERROR;
				GCC_WARN_UNDECLARED_SELECTOR = YES;
				GCC_WARN_UNINITIALIZED_AUTOS = YES_AGGRESSIVE;
				GCC_WARN_UNUSED_FUNCTION = YES;
				GCC_WARN_UNUSED_VARIABLE = YES;
				IPHONEOS_DEPLOYMENT_TARGET = 11.2;
				MTL_ENABLE_DEBUG_INFO = NO;
				SDKROOT = iphoneos;
				SWIFT_OPTIMIZATION_LEVEL = "-Owholemodule";
				VALIDATE_PRODUCT = YES;
			};
			name = Release;
		};
		435A49DD2001AF8500F0EBC5 /* Debug */ = {
			isa = XCBuildConfiguration;
			buildSettings = {
				ASSETCATALOG_COMPILER_APPICON_NAME = AppIcon;
				CODE_SIGN_STYLE = Automatic;
				DEVELOPMENT_TEAM = YRMU5C8C32;
				INFOPLIST_FILE = "coder-swag-no-help2/Info.plist";
				LD_RUNPATH_SEARCH_PATHS = "$(inherited) @executable_path/Frameworks";
				PRODUCT_BUNDLE_IDENTIFIER = "com.appybuildmore.coder-swag-no-help2";
				PRODUCT_NAME = "$(TARGET_NAME)";
				SWIFT_VERSION = 4.0;
				TARGETED_DEVICE_FAMILY = "1,2";
			};
			name = Debug;
		};
		435A49DE2001AF8500F0EBC5 /* Release */ = {
			isa = XCBuildConfiguration;
			buildSettings = {
				ASSETCATALOG_COMPILER_APPICON_NAME = AppIcon;
				CODE_SIGN_STYLE = Automatic;
				DEVELOPMENT_TEAM = YRMU5C8C32;
				INFOPLIST_FILE = "coder-swag-no-help2/Info.plist";
				LD_RUNPATH_SEARCH_PATHS = "$(inherited) @executable_path/Frameworks";
				PRODUCT_BUNDLE_IDENTIFIER = "com.appybuildmore.coder-swag-no-help2";
				PRODUCT_NAME = "$(TARGET_NAME)";
				SWIFT_VERSION = 4.0;
				TARGETED_DEVICE_FAMILY = "1,2";
			};
			name = Release;
		};
/* End XCBuildConfiguration section */

/* Begin XCConfigurationList section */
		435A49C52001AF8400F0EBC5 /* Build configuration list for PBXProject "coder-swag-no-help2" */ = {
			isa = XCConfigurationList;
			buildConfigurations = (
				435A49DA2001AF8500F0EBC5 /* Debug */,
				435A49DB2001AF8500F0EBC5 /* Release */,
			);
			defaultConfigurationIsVisible = 0;
			defaultConfigurationName = Release;
		};
		435A49DC2001AF8500F0EBC5 /* Build configuration list for PBXNativeTarget "coder-swag-no-help2" */ = {
			isa = XCConfigurationList;
			buildConfigurations = (
				435A49DD2001AF8500F0EBC5 /* Debug */,
				435A49DE2001AF8500F0EBC5 /* Release */,
			);
			defaultConfigurationIsVisible = 0;
			defaultConfigurationName = Release;
		};
/* End XCConfigurationList section */
	};
	rootObject = 435A49C22001AF8400F0EBC5 /* Project object */;
}
